
Microsoft Visual Studio Solution File, Format Version 12.00
# Visual Studio Version 17
VisualStudioVersion = 17.5.33627.172
MinimumVisualStudioVersion = 10.0.40219.1
Project("{FAE04EC0-301F-11D3-BF4B-00C04F79EFBC}") = "Hotel_Management", "Hotel_Management\Hotel_Management.csproj", "{0CDFC523-6855-452E-AF25-C3AF0BB584E1}"
EndProject
Global
	GlobalSection(SolutionConfigurationPlatforms) = preSolution
		Debug|Any CPU = Debug|Any CPU
		Release|Any CPU = Release|Any CPU
	EndGlobalSection
	GlobalSection(ProjectConfigurationPlatforms) = postSolution
		{0CDFC523-6855-452E-AF25-C3AF0BB584E1}.Debug|Any CPU.ActiveCfg = Debug|Any CPU
		{0CDFC523-6855-452E-AF25-C3AF0BB584E1}.Debug|Any CPU.Build.0 = Debug|Any CPU
		{0CDFC523-6855-452E-AF25-C3AF0BB584E1}.Release|Any CPU.ActiveCfg = Release|Any CPU
		{0CDFC523-6855-452E-AF25-C3AF0BB584E1}.Release|Any CPU.Build.0 = Release|Any CPU
	EndGlobalSection
	GlobalSection(SolutionProperties) = preSolution
		HideSolutionNode = FALSE
	EndGlobalSection
	GlobalSection(ExtensibilityGlobals) = postSolution
		SolutionGuid = {C80A5F47-D16C-4323-803C-30AE28A95173}
	EndGlobalSection
EndGlobal
